
Microsoft Visual Studio Solution File, Format Version 12.00
# Visual Studio Version 17
VisualStudioVersion = 17.10.35122.118
MinimumVisualStudioVersion = 10.0.40219.1
Project("{FAE04EC0-301F-11D3-BF4B-00C04F79EFBC}") = "PetFolio.API", "PetFolio.API\PetFolio.API.csproj", "{EF0BCA6D-E3AE-4339-9E44-62A346E578DF}"
EndProject
Project("{FAE04EC0-301F-11D3-BF4B-00C04F79EFBC}") = "PetFolio.Communication", "PetFolio.Communication\PetFolio.Communication.csproj", "{9382C81F-DD33-4015-8258-945DAF7F4A36}"
EndProject
Project("{FAE04EC0-301F-11D3-BF4B-00C04F79EFBC}") = "PetFolio.App", "PetFolio.App\PetFolio.App.csproj", "{77E66303-E777-4D29-986F-85B30B6F7E99}"
EndProject
Global
	GlobalSection(SolutionConfigurationPlatforms) = preSolution
		Debug|Any CPU = Debug|Any CPU
		Release|Any CPU = Release|Any CPU
	EndGlobalSection
	GlobalSection(ProjectConfigurationPlatforms) = postSolution
		{EF0BCA6D-E3AE-4339-9E44-62A346E578DF}.Debug|Any CPU.ActiveCfg = Debug|Any CPU
		{EF0BCA6D-E3AE-4339-9E44-62A346E578DF}.Debug|Any CPU.Build.0 = Debug|Any CPU
		{EF0BCA6D-E3AE-4339-9E44-62A346E578DF}.Release|Any CPU.ActiveCfg = Release|Any CPU
		{EF0BCA6D-E3AE-4339-9E44-62A346E578DF}.Release|Any CPU.Build.0 = Release|Any CPU
		{9382C81F-DD33-4015-8258-945DAF7F4A36}.Debug|Any CPU.ActiveCfg = Debug|Any CPU
		{9382C81F-DD33-4015-8258-945DAF7F4A36}.Debug|Any CPU.Build.0 = Debug|Any CPU
		{9382C81F-DD33-4015-8258-945DAF7F4A36}.Release|Any CPU.ActiveCfg = Release|Any CPU
		{9382C81F-DD33-4015-8258-945DAF7F4A36}.Release|Any CPU.Build.0 = Release|Any CPU
		{77E66303-E777-4D29-986F-85B30B6F7E99}.Debug|Any CPU.ActiveCfg = Debug|Any CPU
		{77E66303-E777-4D29-986F-85B30B6F7E99}.Debug|Any CPU.Build.0 = Debug|Any CPU
		{77E66303-E777-4D29-986F-85B30B6F7E99}.Release|Any CPU.ActiveCfg = Release|Any CPU
		{77E66303-E777-4D29-986F-85B30B6F7E99}.Release|Any CPU.Build.0 = Release|Any CPU
	EndGlobalSection
	GlobalSection(SolutionProperties) = preSolution
		HideSolutionNode = FALSE
	EndGlobalSection
	GlobalSection(ExtensibilityGlobals) = postSolution
		SolutionGuid = {E5B051D1-D99C-4B25-AEBA-2D31DEC98E50}
	EndGlobalSection
EndGlobal
